
Microsoft Visual Studio Solution File, Format Version 10.00
# Visual Studio 2008
Project("{FAE04EC0-301F-11D3-BF4B-00C04F79EFBC}") = "OxiteSite", "OxiteSite\OxiteSite.csproj", "{9F3B77E5-FD70-4C94-A8DE-503357FE7174}"
EndProject
Project("{FAE04EC0-301F-11D3-BF4B-00C04F79EFBC}") = "MIXVideos.Oxite", "MIXVideos.Oxite\MIXVideos.Oxite.csproj", "{53D6076B-0BD7-43BE-839B-DF889172D60C}"
EndProject
Project("{FAE04EC0-301F-11D3-BF4B-00C04F79EFBC}") = "MIXVideos.Oxite.Test", "MIXVideos.Oxite.Test\MIXVideos.Oxite.Test.csproj", "{2ADD2341-F12C-499B-B8B9-A5A3CEC8BFC2}"
EndProject
Project("{FAE04EC0-301F-11D3-BF4B-00C04F79EFBC}") = "Oxite", "Oxite\Oxite.csproj", "{D54AF39D-CB43-4D32-A89D-D55EE924AB57}"
EndProject
Project("{FAE04EC0-301F-11D3-BF4B-00C04F79EFBC}") = "Oxite.Core", "Oxite.Core\Oxite.Core.csproj", "{6AA4D713-CC13-4C73-9DF5-582F03FC8E5D}"
EndProject
Project("{FAE04EC0-301F-11D3-BF4B-00C04F79EFBC}") = "Oxite.LinqToSqlDataProvider", "Oxite.LinqToSqlDataProvider\Oxite.LinqToSqlDataProvider.csproj", "{BB60F32A-5C0A-45FB-80E2-7D4A7B9EFFE6}"
EndProject
Project("{FAE04EC0-301F-11D3-BF4B-00C04F79EFBC}") = "Oxite.Tests", "Oxite.Tests\Oxite.Tests.csproj", "{42978282-8A22-4069-BF5A-A3F66AE63F5C}"
EndProject
Global
	GlobalSection(TeamFoundationVersionControl) = preSolution
		SccNumberOfProjects = 8
		SccEnterpriseProvider = {4CA58AB2-18FA-4F8D-95D4-32DDF27D184C}
		SccTeamFoundationServer = https://tfs04.codeplex.com/
		SccLocalPath0 = .
		SccProjectUniqueName1 = OxiteSite\\OxiteSite.csproj
		SccProjectName1 = OxiteSite
		SccLocalPath1 = OxiteSite
		SccProjectUniqueName2 = MIXVideos.Oxite\\MIXVideos.Oxite.csproj
		SccProjectName2 = MIXVideos.Oxite
		SccLocalPath2 = MIXVideos.Oxite
		SccProjectUniqueName3 = MIXVideos.Oxite.Test\\MIXVideos.Oxite.Test.csproj
		SccProjectName3 = MIXVideos.Oxite.Test
		SccLocalPath3 = MIXVideos.Oxite.Test
		SccProjectUniqueName4 = Oxite\\Oxite.csproj
		SccProjectName4 = Oxite
		SccLocalPath4 = Oxite
		SccProjectUniqueName5 = Oxite.Core\\Oxite.Core.csproj
		SccProjectName5 = Oxite.Core
		SccLocalPath5 = Oxite.Core
		SccProjectUniqueName6 = Oxite.LinqToSqlDataProvider\\Oxite.LinqToSqlDataProvider.csproj
		SccProjectName6 = Oxite.LinqToSqlDataProvider
		SccLocalPath6 = Oxite.LinqToSqlDataProvider
		SccProjectUniqueName7 = Oxite.Tests\\Oxite.Tests.csproj
		SccProjectName7 = Oxite.Tests
		SccLocalPath7 = Oxite.Tests
	EndGlobalSection
	GlobalSection(SolutionConfigurationPlatforms) = preSolution
		Debug|Any CPU = Debug|Any CPU
		Default|Any CPU = Default|Any CPU
		Release|Any CPU = Release|Any CPU
	EndGlobalSection
	GlobalSection(ProjectConfigurationPlatforms) = postSolution
		{9F3B77E5-FD70-4C94-A8DE-503357FE7174}.Debug|Any CPU.ActiveCfg = Debug|Any CPU
		{9F3B77E5-FD70-4C94-A8DE-503357FE7174}.Debug|Any CPU.Build.0 = Debug|Any CPU
		{9F3B77E5-FD70-4C94-A8DE-503357FE7174}.Default|Any CPU.ActiveCfg = Debug|Any CPU
		{9F3B77E5-FD70-4C94-A8DE-503357FE7174}.Default|Any CPU.Build.0 = Debug|Any CPU
		{9F3B77E5-FD70-4C94-A8DE-503357FE7174}.Release|Any CPU.ActiveCfg = Release|Any CPU
		{9F3B77E5-FD70-4C94-A8DE-503357FE7174}.Release|Any CPU.Build.0 = Release|Any CPU
		{53D6076B-0BD7-43BE-839B-DF889172D60C}.Debug|Any CPU.ActiveCfg = Debug|Any CPU
		{53D6076B-0BD7-43BE-839B-DF889172D60C}.Debug|Any CPU.Build.0 = Debug|Any CPU
		{53D6076B-0BD7-43BE-839B-DF889172D60C}.Default|Any CPU.ActiveCfg = Debug|Any CPU
		{53D6076B-0BD7-43BE-839B-DF889172D60C}.Default|Any CPU.Build.0 = Debug|Any CPU
		{53D6076B-0BD7-43BE-839B-DF889172D60C}.Release|Any CPU.ActiveCfg = Release|Any CPU
		{53D6076B-0BD7-43BE-839B-DF889172D60C}.Release|Any CPU.Build.0 = Release|Any CPU
		{2ADD2341-F12C-499B-B8B9-A5A3CEC8BFC2}.Debug|Any CPU.ActiveCfg = Debug|Any CPU
		{2ADD2341-F12C-499B-B8B9-A5A3CEC8BFC2}.Debug|Any CPU.Build.0 = Debug|Any CPU
		{2ADD2341-F12C-499B-B8B9-A5A3CEC8BFC2}.Default|Any CPU.ActiveCfg = Debug|Any CPU
		{2ADD2341-F12C-499B-B8B9-A5A3CEC8BFC2}.Default|Any CPU.Build.0 = Debug|Any CPU
		{2ADD2341-F12C-499B-B8B9-A5A3CEC8BFC2}.Release|Any CPU.ActiveCfg = Release|Any CPU
		{2ADD2341-F12C-499B-B8B9-A5A3CEC8BFC2}.Release|Any CPU.Build.0 = Release|Any CPU
		{D54AF39D-CB43-4D32-A89D-D55EE924AB57}.Debug|Any CPU.ActiveCfg = Debug|Any CPU
		{D54AF39D-CB43-4D32-A89D-D55EE924AB57}.Debug|Any CPU.Build.0 = Debug|Any CPU
		{D54AF39D-CB43-4D32-A89D-D55EE924AB57}.Default|Any CPU.ActiveCfg = Debug|Any CPU
		{D54AF39D-CB43-4D32-A89D-D55EE924AB57}.Default|Any CPU.Build.0 = Debug|Any CPU
		{D54AF39D-CB43-4D32-A89D-D55EE924AB57}.Release|Any CPU.ActiveCfg = Release|Any CPU
		{D54AF39D-CB43-4D32-A89D-D55EE924AB57}.Release|Any CPU.Build.0 = Release|Any CPU
		{6AA4D713-CC13-4C73-9DF5-582F03FC8E5D}.Debug|Any CPU.ActiveCfg = Debug|Any CPU
		{6AA4D713-CC13-4C73-9DF5-582F03FC8E5D}.Debug|Any CPU.Build.0 = Debug|Any CPU
		{6AA4D713-CC13-4C73-9DF5-582F03FC8E5D}.Default|Any CPU.ActiveCfg = Debug|Any CPU
		{6AA4D713-CC13-4C73-9DF5-582F03FC8E5D}.Default|Any CPU.Build.0 = Debug|Any CPU
		{6AA4D713-CC13-4C73-9DF5-582F03FC8E5D}.Release|Any CPU.ActiveCfg = Release|Any CPU
		{6AA4D713-CC13-4C73-9DF5-582F03FC8E5D}.Release|Any CPU.Build.0 = Release|Any CPU
		{BB60F32A-5C0A-45FB-80E2-7D4A7B9EFFE6}.Debug|Any CPU.ActiveCfg = Debug|Any CPU
		{BB60F32A-5C0A-45FB-80E2-7D4A7B9EFFE6}.Debug|Any CPU.Build.0 = Debug|Any CPU
		{BB60F32A-5C0A-45FB-80E2-7D4A7B9EFFE6}.Default|Any CPU.ActiveCfg = Debug|Any CPU
		{BB60F32A-5C0A-45FB-80E2-7D4A7B9EFFE6}.Default|Any CPU.Build.0 = Debug|Any CPU
		{BB60F32A-5C0A-45FB-80E2-7D4A7B9EFFE6}.Release|Any CPU.ActiveCfg = Release|Any CPU
		{BB60F32A-5C0A-45FB-80E2-7D4A7B9EFFE6}.Release|Any CPU.Build.0 = Release|Any CPU
		{42978282-8A22-4069-BF5A-A3F66AE63F5C}.Debug|Any CPU.ActiveCfg = Debug|Any CPU
		{42978282-8A22-4069-BF5A-A3F66AE63F5C}.Debug|Any CPU.Build.0 = Debug|Any CPU
		{42978282-8A22-4069-BF5A-A3F66AE63F5C}.Default|Any CPU.ActiveCfg = Debug|Any CPU
		{42978282-8A22-4069-BF5A-A3F66AE63F5C}.Default|Any CPU.Build.0 = Debug|Any CPU
		{42978282-8A22-4069-BF5A-A3F66AE63F5C}.Release|Any CPU.ActiveCfg = Release|Any CPU
		{42978282-8A22-4069-BF5A-A3F66AE63F5C}.Release|Any CPU.Build.0 = Release|Any CPU
	EndGlobalSection
	GlobalSection(SolutionProperties) = preSolution
		HideSolutionNode = FALSE
	EndGlobalSection
EndGlobal
